
Microsoft Visual Studio Solution File, Format Version 12.00
# Visual Studio Version 16
VisualStudioVersion = 16.0.31005.135
MinimumVisualStudioVersion = 10.0.40219.1
Project("{9A19103F-16F7-4668-BE54-9A1E7A4F7556}") = "player_log_api", "player_log_api\player_log_api.csproj", "{FEBBC28D-59EA-46AA-AEA2-9F5BC50882E5}"
EndProject
Project("{9A19103F-16F7-4668-BE54-9A1E7A4F7556}") = "player_log_blazor_ui", "player_log_blazor_ui\player_log_blazor_ui.csproj", "{D89B268E-F9BF-41A0-9330-2B97D3D3115B}"
EndProject
Global
	GlobalSection(SolutionConfigurationPlatforms) = preSolution
		Debug|Any CPU = Debug|Any CPU
		Release|Any CPU = Release|Any CPU
	EndGlobalSection
	GlobalSection(ProjectConfigurationPlatforms) = postSolution
		{FEBBC28D-59EA-46AA-AEA2-9F5BC50882E5}.Debug|Any CPU.ActiveCfg = Debug|Any CPU
		{FEBBC28D-59EA-46AA-AEA2-9F5BC50882E5}.Debug|Any CPU.Build.0 = Debug|Any CPU
		{FEBBC28D-59EA-46AA-AEA2-9F5BC50882E5}.Release|Any CPU.ActiveCfg = Release|Any CPU
		{FEBBC28D-59EA-46AA-AEA2-9F5BC50882E5}.Release|Any CPU.Build.0 = Release|Any CPU
		{D89B268E-F9BF-41A0-9330-2B97D3D3115B}.Debug|Any CPU.ActiveCfg = Debug|Any CPU
		{D89B268E-F9BF-41A0-9330-2B97D3D3115B}.Debug|Any CPU.Build.0 = Debug|Any CPU
		{D89B268E-F9BF-41A0-9330-2B97D3D3115B}.Release|Any CPU.ActiveCfg = Release|Any CPU
		{D89B268E-F9BF-41A0-9330-2B97D3D3115B}.Release|Any CPU.Build.0 = Release|Any CPU
	EndGlobalSection
	GlobalSection(SolutionProperties) = preSolution
		HideSolutionNode = FALSE
	EndGlobalSection
	GlobalSection(ExtensibilityGlobals) = postSolution
		SolutionGuid = {F3896388-0238-4B37-86D3-CA5EEA1C42D8}
	EndGlobalSection
EndGlobal
